
Microsoft Visual Studio Solution File, Format Version 12.00
# Visual Studio Version 17
VisualStudioVersion = 17.7.34003.232
MinimumVisualStudioVersion = 10.0.40219.1
Project("{9A19103F-16F7-4668-BE54-9A1E7A4F7556}") = "DPM.API", "DPM.API.csproj", "{563C4A50-B003-4741-A098-AA033CF99644}"
EndProject
Project("{9A19103F-16F7-4668-BE54-9A1E7A4F7556}") = "DPM.Infrastructure", "..\DPM.Infrastructure\DPM.Infrastructure.csproj", "{71C4AAAA-3BAC-4C20-AD83-85AF2FBBB70B}"
EndProject
Project("{9A19103F-16F7-4668-BE54-9A1E7A4F7556}") = "DPM.Domain", "..\DPM.Domain\DPM.Domain.csproj", "{8A0AA7B4-6AF4-4D2D-A297-1752541DF9E7}"
EndProject
Project("{9A19103F-16F7-4668-BE54-9A1E7A4F7556}") = "DPM.Applications", "..\DPM.Applications\DPM.Applications.csproj", "{07F9B75A-18D6-4DD8-9764-3E707E1CAECC}"
EndProject
Project("{2150E333-8FDC-42A3-9474-1A3956D46DE8}") = "Functions", "Functions", "{596A3D55-508E-4646-A122-5E3D5374017A}"
EndProject
Project("{9A19103F-16F7-4668-BE54-9A1E7A4F7556}") = "DPM.PreTokenGeneration", "..\PreTokenGenerator\DPM.PreTokenGeneration.csproj", "{30ACD6C8-EC74-4FE9-B9FA-F1DCA3209A38}"
EndProject
Project("{9A19103F-16F7-4668-BE54-9A1E7A4F7556}") = "DPM.Functions.Shared", "..\DPM.Functions.Shared\DPM.Functions.Shared.csproj", "{BFEC75DE-B8FD-4FD3-9031-A6BA179AEE7F}"
EndProject
Global
	GlobalSection(SolutionConfigurationPlatforms) = preSolution
		Debug|Any CPU = Debug|Any CPU
		Debug|x64 = Debug|x64
		Release|Any CPU = Release|Any CPU
		Release|x64 = Release|x64
	EndGlobalSection
	GlobalSection(ProjectConfigurationPlatforms) = postSolution
		{563C4A50-B003-4741-A098-AA033CF99644}.Debug|Any CPU.ActiveCfg = Debug|Any CPU
		{563C4A50-B003-4741-A098-AA033CF99644}.Debug|Any CPU.Build.0 = Debug|Any CPU
		{563C4A50-B003-4741-A098-AA033CF99644}.Debug|x64.ActiveCfg = Debug|x64
		{563C4A50-B003-4741-A098-AA033CF99644}.Debug|x64.Build.0 = Debug|x64
		{563C4A50-B003-4741-A098-AA033CF99644}.Release|Any CPU.ActiveCfg = Release|Any CPU
		{563C4A50-B003-4741-A098-AA033CF99644}.Release|Any CPU.Build.0 = Release|Any CPU
		{563C4A50-B003-4741-A098-AA033CF99644}.Release|x64.ActiveCfg = Release|x64
		{563C4A50-B003-4741-A098-AA033CF99644}.Release|x64.Build.0 = Release|x64
		{71C4AAAA-3BAC-4C20-AD83-85AF2FBBB70B}.Debug|Any CPU.ActiveCfg = Debug|Any CPU
		{71C4AAAA-3BAC-4C20-AD83-85AF2FBBB70B}.Debug|Any CPU.Build.0 = Debug|Any CPU
		{71C4AAAA-3BAC-4C20-AD83-85AF2FBBB70B}.Debug|x64.ActiveCfg = Debug|x64
		{71C4AAAA-3BAC-4C20-AD83-85AF2FBBB70B}.Debug|x64.Build.0 = Debug|x64
		{71C4AAAA-3BAC-4C20-AD83-85AF2FBBB70B}.Release|Any CPU.ActiveCfg = Release|Any CPU
		{71C4AAAA-3BAC-4C20-AD83-85AF2FBBB70B}.Release|Any CPU.Build.0 = Release|Any CPU
		{71C4AAAA-3BAC-4C20-AD83-85AF2FBBB70B}.Release|x64.ActiveCfg = Release|x64
		{71C4AAAA-3BAC-4C20-AD83-85AF2FBBB70B}.Release|x64.Build.0 = Release|x64
		{8A0AA7B4-6AF4-4D2D-A297-1752541DF9E7}.Debug|Any CPU.ActiveCfg = Debug|Any CPU
		{8A0AA7B4-6AF4-4D2D-A297-1752541DF9E7}.Debug|Any CPU.Build.0 = Debug|Any CPU
		{8A0AA7B4-6AF4-4D2D-A297-1752541DF9E7}.Debug|x64.ActiveCfg = Debug|x64
		{8A0AA7B4-6AF4-4D2D-A297-1752541DF9E7}.Debug|x64.Build.0 = Debug|x64
		{8A0AA7B4-6AF4-4D2D-A297-1752541DF9E7}.Release|Any CPU.ActiveCfg = Release|Any CPU
		{8A0AA7B4-6AF4-4D2D-A297-1752541DF9E7}.Release|Any CPU.Build.0 = Release|Any CPU
		{8A0AA7B4-6AF4-4D2D-A297-1752541DF9E7}.Release|x64.ActiveCfg = Release|x64
		{8A0AA7B4-6AF4-4D2D-A297-1752541DF9E7}.Release|x64.Build.0 = Release|x64
		{07F9B75A-18D6-4DD8-9764-3E707E1CAECC}.Debug|Any CPU.ActiveCfg = Debug|Any CPU
		{07F9B75A-18D6-4DD8-9764-3E707E1CAECC}.Debug|Any CPU.Build.0 = Debug|Any CPU
		{07F9B75A-18D6-4DD8-9764-3E707E1CAECC}.Debug|x64.ActiveCfg = Debug|x64
		{07F9B75A-18D6-4DD8-9764-3E707E1CAECC}.Debug|x64.Build.0 = Debug|x64
		{07F9B75A-18D6-4DD8-9764-3E707E1CAECC}.Release|Any CPU.ActiveCfg = Release|Any CPU
		{07F9B75A-18D6-4DD8-9764-3E707E1CAECC}.Release|Any CPU.Build.0 = Release|Any CPU
		{07F9B75A-18D6-4DD8-9764-3E707E1CAECC}.Release|x64.ActiveCfg = Release|x64
		{07F9B75A-18D6-4DD8-9764-3E707E1CAECC}.Release|x64.Build.0 = Release|x64
		{30ACD6C8-EC74-4FE9-B9FA-F1DCA3209A38}.Debug|Any CPU.ActiveCfg = Debug|Any CPU
		{30ACD6C8-EC74-4FE9-B9FA-F1DCA3209A38}.Debug|x64.ActiveCfg = Debug|x64
		{30ACD6C8-EC74-4FE9-B9FA-F1DCA3209A38}.Release|Any CPU.ActiveCfg = Release|Any CPU
		{30ACD6C8-EC74-4FE9-B9FA-F1DCA3209A38}.Release|x64.ActiveCfg = Release|x64
		{BFEC75DE-B8FD-4FD3-9031-A6BA179AEE7F}.Debug|Any CPU.ActiveCfg = Debug|Any CPU
		{BFEC75DE-B8FD-4FD3-9031-A6BA179AEE7F}.Debug|x64.ActiveCfg = Debug|x64
		{BFEC75DE-B8FD-4FD3-9031-A6BA179AEE7F}.Release|Any CPU.ActiveCfg = Release|Any CPU
		{BFEC75DE-B8FD-4FD3-9031-A6BA179AEE7F}.Release|x64.ActiveCfg = Release|x64
	EndGlobalSection
	GlobalSection(SolutionProperties) = preSolution
		HideSolutionNode = FALSE
	EndGlobalSection
	GlobalSection(NestedProjects) = preSolution
		{30ACD6C8-EC74-4FE9-B9FA-F1DCA3209A38} = {596A3D55-508E-4646-A122-5E3D5374017A}
		{BFEC75DE-B8FD-4FD3-9031-A6BA179AEE7F} = {596A3D55-508E-4646-A122-5E3D5374017A}
	EndGlobalSection
	GlobalSection(ExtensibilityGlobals) = postSolution
		SolutionGuid = {E1A3E4F2-6F1F-4DDF-83F8-C57B6E41F6F5}
	EndGlobalSection
EndGlobal
